
Microsoft Visual Studio Solution File, Format Version 12.00
# Visual Studio 2013
VisualStudioVersion = 12.0.40629.0
MinimumVisualStudioVersion = 10.0.40219.1
Project("{FAE04EC0-301F-11D3-BF4B-00C04F79EFBC}") = "WcfHesaplaLib", "WcfHesaplaLib\WcfHesaplaLib.csproj", "{C4598A60-D348-46C6-8C42-87F7AD3093D7}"
EndProject
Project("{E24C65DC-7377-472B-9ABA-BC803B73C61A}") = "WCFServisIslemler1", "http://localhost:45596", "{F21F0CCA-437C-49B5-A296-E7E73B7BCB48}"
	ProjectSection(WebsiteProperties) = preProject
		UseIISExpress = "true"
		TargetFrameworkMoniker = ".NETFramework,Version%3Dv4.6.1"
		ProjectReferences = "{c4598a60-d348-46c6-8c42-87f7ad3093d7}|WcfHesaplaLib.dll;"
		Debug.AspNetCompiler.VirtualPath = "/localhost_45596"
		Debug.AspNetCompiler.PhysicalPath = "..\..\Documents\Visual Studio 2013\WebSites\WCFServisIslemler1\"
		Debug.AspNetCompiler.TargetPath = "PrecompiledWeb\localhost_45596\"
		Debug.AspNetCompiler.Updateable = "true"
		Debug.AspNetCompiler.ForceOverwrite = "true"
		Debug.AspNetCompiler.FixedNames = "false"
		Debug.AspNetCompiler.Debug = "True"
		Release.AspNetCompiler.VirtualPath = "/localhost_45596"
		Release.AspNetCompiler.PhysicalPath = "..\..\Documents\Visual Studio 2013\WebSites\WCFServisIslemler1\"
		Release.AspNetCompiler.TargetPath = "PrecompiledWeb\localhost_45596\"
		Release.AspNetCompiler.Updateable = "true"
		Release.AspNetCompiler.ForceOverwrite = "true"
		Release.AspNetCompiler.FixedNames = "false"
		Release.AspNetCompiler.Debug = "False"
		SlnRelativePath = "..\..\Documents\Visual Studio 2013\WebSites\WCFServisIslemler1\"
		DefaultWebSiteLanguage = "Visual C#"
	EndProjectSection
EndProject
Global
	GlobalSection(SolutionConfigurationPlatforms) = preSolution
		Debug|Any CPU = Debug|Any CPU
		Release|Any CPU = Release|Any CPU
	EndGlobalSection
	GlobalSection(ProjectConfigurationPlatforms) = postSolution
		{C4598A60-D348-46C6-8C42-87F7AD3093D7}.Debug|Any CPU.ActiveCfg = Debug|Any CPU
		{C4598A60-D348-46C6-8C42-87F7AD3093D7}.Debug|Any CPU.Build.0 = Debug|Any CPU
		{C4598A60-D348-46C6-8C42-87F7AD3093D7}.Release|Any CPU.ActiveCfg = Release|Any CPU
		{C4598A60-D348-46C6-8C42-87F7AD3093D7}.Release|Any CPU.Build.0 = Release|Any CPU
		{F21F0CCA-437C-49B5-A296-E7E73B7BCB48}.Debug|Any CPU.ActiveCfg = Debug|Any CPU
		{F21F0CCA-437C-49B5-A296-E7E73B7BCB48}.Debug|Any CPU.Build.0 = Debug|Any CPU
		{F21F0CCA-437C-49B5-A296-E7E73B7BCB48}.Release|Any CPU.ActiveCfg = Debug|Any CPU
		{F21F0CCA-437C-49B5-A296-E7E73B7BCB48}.Release|Any CPU.Build.0 = Debug|Any CPU
	EndGlobalSection
	GlobalSection(SolutionProperties) = preSolution
		HideSolutionNode = FALSE
	EndGlobalSection
EndGlobal
