
Microsoft Visual Studio Solution File, Format Version 12.00
# Visual Studio 2013
VisualStudioVersion = 12.0.40629.0
MinimumVisualStudioVersion = 10.0.40219.1
Project("{FAE04EC0-301F-11D3-BF4B-00C04F79EFBC}") = "NorthWindLibrary", "NorthWindLibrary\NorthWindLibrary.csproj", "{AACA9ED4-CA62-46D2-A64C-731FF6A4F998}"
EndProject
Project("{FAE04EC0-301F-11D3-BF4B-00C04F79EFBC}") = "NorthwindServiceLibrary", "NorthwindServiceLibrary\NorthwindServiceLibrary.csproj", "{01AC6032-7726-4FF8-AA9B-081426F0064F}"
EndProject
Project("{FAE04EC0-301F-11D3-BF4B-00C04F79EFBC}") = "SurrogateLibrary", "SurrogateLibrary\SurrogateLibrary.csproj", "{D40E58D3-5324-4CC3-AD53-F4B2C9D2B684}"
EndProject
Project("{FAE04EC0-301F-11D3-BF4B-00C04F79EFBC}") = "NorthwindServiceApp", "NorthwindServiceApp\NorthwindServiceApp.csproj", "{7C8BC18D-AA56-4B27-ABBF-11907FB0E690}"
EndProject
Project("{FAE04EC0-301F-11D3-BF4B-00C04F79EFBC}") = "NorthwindClientApp", "NorthwindClientApp\NorthwindClientApp.csproj", "{025BA854-3108-4DB4-9CB8-7B3D6546744F}"
	ProjectSection(ProjectDependencies) = postProject
		{7C8BC18D-AA56-4B27-ABBF-11907FB0E690} = {7C8BC18D-AA56-4B27-ABBF-11907FB0E690}
	EndProjectSection
EndProject
Global
	GlobalSection(SolutionConfigurationPlatforms) = preSolution
		Debug|Any CPU = Debug|Any CPU
		Release|Any CPU = Release|Any CPU
	EndGlobalSection
	GlobalSection(ProjectConfigurationPlatforms) = postSolution
		{AACA9ED4-CA62-46D2-A64C-731FF6A4F998}.Debug|Any CPU.ActiveCfg = Debug|Any CPU
		{AACA9ED4-CA62-46D2-A64C-731FF6A4F998}.Debug|Any CPU.Build.0 = Debug|Any CPU
		{AACA9ED4-CA62-46D2-A64C-731FF6A4F998}.Release|Any CPU.ActiveCfg = Release|Any CPU
		{AACA9ED4-CA62-46D2-A64C-731FF6A4F998}.Release|Any CPU.Build.0 = Release|Any CPU
		{01AC6032-7726-4FF8-AA9B-081426F0064F}.Debug|Any CPU.ActiveCfg = Debug|Any CPU
		{01AC6032-7726-4FF8-AA9B-081426F0064F}.Debug|Any CPU.Build.0 = Debug|Any CPU
		{01AC6032-7726-4FF8-AA9B-081426F0064F}.Release|Any CPU.ActiveCfg = Release|Any CPU
		{01AC6032-7726-4FF8-AA9B-081426F0064F}.Release|Any CPU.Build.0 = Release|Any CPU
		{D40E58D3-5324-4CC3-AD53-F4B2C9D2B684}.Debug|Any CPU.ActiveCfg = Debug|Any CPU
		{D40E58D3-5324-4CC3-AD53-F4B2C9D2B684}.Debug|Any CPU.Build.0 = Debug|Any CPU
		{D40E58D3-5324-4CC3-AD53-F4B2C9D2B684}.Release|Any CPU.ActiveCfg = Release|Any CPU
		{D40E58D3-5324-4CC3-AD53-F4B2C9D2B684}.Release|Any CPU.Build.0 = Release|Any CPU
		{7C8BC18D-AA56-4B27-ABBF-11907FB0E690}.Debug|Any CPU.ActiveCfg = Debug|Any CPU
		{7C8BC18D-AA56-4B27-ABBF-11907FB0E690}.Debug|Any CPU.Build.0 = Debug|Any CPU
		{7C8BC18D-AA56-4B27-ABBF-11907FB0E690}.Release|Any CPU.ActiveCfg = Release|Any CPU
		{7C8BC18D-AA56-4B27-ABBF-11907FB0E690}.Release|Any CPU.Build.0 = Release|Any CPU
		{025BA854-3108-4DB4-9CB8-7B3D6546744F}.Debug|Any CPU.ActiveCfg = Debug|Any CPU
		{025BA854-3108-4DB4-9CB8-7B3D6546744F}.Debug|Any CPU.Build.0 = Debug|Any CPU
		{025BA854-3108-4DB4-9CB8-7B3D6546744F}.Release|Any CPU.ActiveCfg = Release|Any CPU
		{025BA854-3108-4DB4-9CB8-7B3D6546744F}.Release|Any CPU.Build.0 = Release|Any CPU
	EndGlobalSection
	GlobalSection(SolutionProperties) = preSolution
		HideSolutionNode = FALSE
	EndGlobalSection
EndGlobal
