
Microsoft Visual Studio Solution File, Format Version 12.00
# Visual Studio 2013
VisualStudioVersion = 12.0.40629.0
MinimumVisualStudioVersion = 10.0.40219.1
Project("{FAE04EC0-301F-11D3-BF4B-00C04F79EFBC}") = "WebServisiTuket", "WebServisiTuket\WebServisiTuket.csproj", "{7388042A-44B3-44BD-9473-C526ABCA277D}"
EndProject
Global
	GlobalSection(SolutionConfigurationPlatforms) = preSolution
		Debug|Any CPU = Debug|Any CPU
		Release|Any CPU = Release|Any CPU
	EndGlobalSection
	GlobalSection(ProjectConfigurationPlatforms) = postSolution
		{7388042A-44B3-44BD-9473-C526ABCA277D}.Debug|Any CPU.ActiveCfg = Debug|Any CPU
		{7388042A-44B3-44BD-9473-C526ABCA277D}.Debug|Any CPU.Build.0 = Debug|Any CPU
		{7388042A-44B3-44BD-9473-C526ABCA277D}.Release|Any CPU.ActiveCfg = Release|Any CPU
		{7388042A-44B3-44BD-9473-C526ABCA277D}.Release|Any CPU.Build.0 = Release|Any CPU
	EndGlobalSection
	GlobalSection(SolutionProperties) = preSolution
		HideSolutionNode = FALSE
	EndGlobalSection
EndGlobal
