
Microsoft Visual Studio Solution File, Format Version 12.00
# Visual Studio 2013
VisualStudioVersion = 12.0.40629.0
MinimumVisualStudioVersion = 10.0.40219.1
Project("{FAE04EC0-301F-11D3-BF4B-00C04F79EFBC}") = "EvalServiceLibrary", "EvalServiceLibrary\EvalServiceLibrary.csproj", "{2BB7DC76-BEB1-40F7-B83C-382AE336237E}"
EndProject
Project("{E24C65DC-7377-472B-9ABA-BC803B73C61A}") = "EvalServiceSite", "http://localhost:7780", "{65D60844-01B5-410F-8017-B337A98C2B24}"
	ProjectSection(WebsiteProperties) = preProject
		UseIISExpress = "true"
		TargetFrameworkMoniker = ".NETFramework,Version%3Dv4.6.1"
		ProjectReferences = "{2bb7dc76-beb1-40f7-b83c-382ae336237e}|EvalServiceLibrary.dll;"
		Debug.AspNetCompiler.VirtualPath = "/localhost_7780"
		Debug.AspNetCompiler.PhysicalPath = "EvalServiceSite\"
		Debug.AspNetCompiler.TargetPath = "PrecompiledWeb\localhost_7780\"
		Debug.AspNetCompiler.Updateable = "true"
		Debug.AspNetCompiler.ForceOverwrite = "true"
		Debug.AspNetCompiler.FixedNames = "false"
		Debug.AspNetCompiler.Debug = "True"
		Release.AspNetCompiler.VirtualPath = "/localhost_7780"
		Release.AspNetCompiler.PhysicalPath = "EvalServiceSite\"
		Release.AspNetCompiler.TargetPath = "PrecompiledWeb\localhost_7780\"
		Release.AspNetCompiler.Updateable = "true"
		Release.AspNetCompiler.ForceOverwrite = "true"
		Release.AspNetCompiler.FixedNames = "false"
		Release.AspNetCompiler.Debug = "False"
		SlnRelativePath = "EvalServiceSite\"
		DefaultWebSiteLanguage = "Visual C#"
	EndProjectSection
EndProject
Project("{FAE04EC0-301F-11D3-BF4B-00C04F79EFBC}") = "Client", "Client\Client.csproj", "{04D0E3F8-EBF7-4E84-90A8-DAE58BD923E1}"
	ProjectSection(ProjectDependencies) = postProject
		{65D60844-01B5-410F-8017-B337A98C2B24} = {65D60844-01B5-410F-8017-B337A98C2B24}
	EndProjectSection
EndProject
Global
	GlobalSection(SolutionConfigurationPlatforms) = preSolution
		Debug|Any CPU = Debug|Any CPU
		Release|Any CPU = Release|Any CPU
	EndGlobalSection
	GlobalSection(ProjectConfigurationPlatforms) = postSolution
		{2BB7DC76-BEB1-40F7-B83C-382AE336237E}.Debug|Any CPU.ActiveCfg = Debug|Any CPU
		{2BB7DC76-BEB1-40F7-B83C-382AE336237E}.Debug|Any CPU.Build.0 = Debug|Any CPU
		{2BB7DC76-BEB1-40F7-B83C-382AE336237E}.Release|Any CPU.ActiveCfg = Release|Any CPU
		{2BB7DC76-BEB1-40F7-B83C-382AE336237E}.Release|Any CPU.Build.0 = Release|Any CPU
		{65D60844-01B5-410F-8017-B337A98C2B24}.Debug|Any CPU.ActiveCfg = Debug|Any CPU
		{65D60844-01B5-410F-8017-B337A98C2B24}.Debug|Any CPU.Build.0 = Debug|Any CPU
		{65D60844-01B5-410F-8017-B337A98C2B24}.Release|Any CPU.ActiveCfg = Debug|Any CPU
		{65D60844-01B5-410F-8017-B337A98C2B24}.Release|Any CPU.Build.0 = Debug|Any CPU
		{04D0E3F8-EBF7-4E84-90A8-DAE58BD923E1}.Debug|Any CPU.ActiveCfg = Debug|Any CPU
		{04D0E3F8-EBF7-4E84-90A8-DAE58BD923E1}.Debug|Any CPU.Build.0 = Debug|Any CPU
		{04D0E3F8-EBF7-4E84-90A8-DAE58BD923E1}.Release|Any CPU.ActiveCfg = Release|Any CPU
		{04D0E3F8-EBF7-4E84-90A8-DAE58BD923E1}.Release|Any CPU.Build.0 = Release|Any CPU
	EndGlobalSection
	GlobalSection(SolutionProperties) = preSolution
		HideSolutionNode = FALSE
	EndGlobalSection
EndGlobal
