
Microsoft Visual Studio Solution File, Format Version 12.00
# Visual Studio 2013
VisualStudioVersion = 12.0.21005.1
MinimumVisualStudioVersion = 10.0.40219.1
Project("{FAE04EC0-301F-11D3-BF4B-00C04F79EFBC}") = "KuzeyYeli.UI", "KuzeyYeli.UI\KuzeyYeli.UI.csproj", "{F1462CE5-53FC-462A-9CCF-856665FF949E}"
	ProjectSection(ProjectDependencies) = postProject
		{84C9FEF7-80AC-434B-AC87-723EE8952341} = {84C9FEF7-80AC-434B-AC87-723EE8952341}
	EndProjectSection
EndProject
Project("{FAE04EC0-301F-11D3-BF4B-00C04F79EFBC}") = "KuzeyYeli.ORM", "KuzeyYeli.ORM\KuzeyYeli.ORM.csproj", "{200AD8CB-D5EB-4F44-8750-61DF037DF0B4}"
EndProject
Project("{FAE04EC0-301F-11D3-BF4B-00C04F79EFBC}") = "KuzeyYeli.Repository", "KuzeyYeli.Repository\KuzeyYeli.Repository.csproj", "{E5D42F9B-4E11-4DC9-8D42-631DFF335A00}"
EndProject
Project("{FAE04EC0-301F-11D3-BF4B-00C04F79EFBC}") = "KuzeyYeli.DTO", "KuzeyYeli.DTO\KuzeyYeli.DTO.csproj", "{29A3CE63-ACB2-4A08-8800-23850FAD099D}"
EndProject
Project("{FAE04EC0-301F-11D3-BF4B-00C04F79EFBC}") = "KuzeyYeli.WCFService", "KuzeyYeli.WCFService\KuzeyYeli.WCFService.csproj", "{84C9FEF7-80AC-434B-AC87-723EE8952341}"
EndProject
Global
	GlobalSection(SolutionConfigurationPlatforms) = preSolution
		Debug|Any CPU = Debug|Any CPU
		Release|Any CPU = Release|Any CPU
	EndGlobalSection
	GlobalSection(ProjectConfigurationPlatforms) = postSolution
		{F1462CE5-53FC-462A-9CCF-856665FF949E}.Debug|Any CPU.ActiveCfg = Debug|Any CPU
		{F1462CE5-53FC-462A-9CCF-856665FF949E}.Debug|Any CPU.Build.0 = Debug|Any CPU
		{F1462CE5-53FC-462A-9CCF-856665FF949E}.Release|Any CPU.ActiveCfg = Release|Any CPU
		{F1462CE5-53FC-462A-9CCF-856665FF949E}.Release|Any CPU.Build.0 = Release|Any CPU
		{200AD8CB-D5EB-4F44-8750-61DF037DF0B4}.Debug|Any CPU.ActiveCfg = Debug|Any CPU
		{200AD8CB-D5EB-4F44-8750-61DF037DF0B4}.Debug|Any CPU.Build.0 = Debug|Any CPU
		{200AD8CB-D5EB-4F44-8750-61DF037DF0B4}.Release|Any CPU.ActiveCfg = Release|Any CPU
		{200AD8CB-D5EB-4F44-8750-61DF037DF0B4}.Release|Any CPU.Build.0 = Release|Any CPU
		{E5D42F9B-4E11-4DC9-8D42-631DFF335A00}.Debug|Any CPU.ActiveCfg = Debug|Any CPU
		{E5D42F9B-4E11-4DC9-8D42-631DFF335A00}.Debug|Any CPU.Build.0 = Debug|Any CPU
		{E5D42F9B-4E11-4DC9-8D42-631DFF335A00}.Release|Any CPU.ActiveCfg = Release|Any CPU
		{E5D42F9B-4E11-4DC9-8D42-631DFF335A00}.Release|Any CPU.Build.0 = Release|Any CPU
		{29A3CE63-ACB2-4A08-8800-23850FAD099D}.Debug|Any CPU.ActiveCfg = Debug|Any CPU
		{29A3CE63-ACB2-4A08-8800-23850FAD099D}.Debug|Any CPU.Build.0 = Debug|Any CPU
		{29A3CE63-ACB2-4A08-8800-23850FAD099D}.Release|Any CPU.ActiveCfg = Release|Any CPU
		{29A3CE63-ACB2-4A08-8800-23850FAD099D}.Release|Any CPU.Build.0 = Release|Any CPU
		{84C9FEF7-80AC-434B-AC87-723EE8952341}.Debug|Any CPU.ActiveCfg = Debug|Any CPU
		{84C9FEF7-80AC-434B-AC87-723EE8952341}.Debug|Any CPU.Build.0 = Debug|Any CPU
		{84C9FEF7-80AC-434B-AC87-723EE8952341}.Release|Any CPU.ActiveCfg = Release|Any CPU
		{84C9FEF7-80AC-434B-AC87-723EE8952341}.Release|Any CPU.Build.0 = Release|Any CPU
	EndGlobalSection
	GlobalSection(SolutionProperties) = preSolution
		HideSolutionNode = FALSE
	EndGlobalSection
EndGlobal
