
Microsoft Visual Studio Solution File, Format Version 12.00
# Visual Studio 2013
VisualStudioVersion = 12.0.21005.1
MinimumVisualStudioVersion = 10.0.40219.1
Project("{FAE04EC0-301F-11D3-BF4B-00C04F79EFBC}") = "WCFServiceGiris", "WCFServiceGiris\WCFServiceGiris.csproj", "{C0E830A2-4603-43CC-8310-CCDA9E5482F0}"
	ProjectSection(ProjectDependencies) = postProject
		{E003DC4F-C7CA-46AC-A81A-EE4986135008} = {E003DC4F-C7CA-46AC-A81A-EE4986135008}
	EndProjectSection
EndProject
Project("{FAE04EC0-301F-11D3-BF4B-00C04F79EFBC}") = "WcfService1", "WcfService1\WcfService1.csproj", "{E003DC4F-C7CA-46AC-A81A-EE4986135008}"
EndProject
Global
	GlobalSection(SolutionConfigurationPlatforms) = preSolution
		Debug|Any CPU = Debug|Any CPU
		Release|Any CPU = Release|Any CPU
	EndGlobalSection
	GlobalSection(ProjectConfigurationPlatforms) = postSolution
		{C0E830A2-4603-43CC-8310-CCDA9E5482F0}.Debug|Any CPU.ActiveCfg = Debug|Any CPU
		{C0E830A2-4603-43CC-8310-CCDA9E5482F0}.Debug|Any CPU.Build.0 = Debug|Any CPU
		{C0E830A2-4603-43CC-8310-CCDA9E5482F0}.Release|Any CPU.ActiveCfg = Release|Any CPU
		{C0E830A2-4603-43CC-8310-CCDA9E5482F0}.Release|Any CPU.Build.0 = Release|Any CPU
		{E003DC4F-C7CA-46AC-A81A-EE4986135008}.Debug|Any CPU.ActiveCfg = Debug|Any CPU
		{E003DC4F-C7CA-46AC-A81A-EE4986135008}.Debug|Any CPU.Build.0 = Debug|Any CPU
		{E003DC4F-C7CA-46AC-A81A-EE4986135008}.Release|Any CPU.ActiveCfg = Release|Any CPU
		{E003DC4F-C7CA-46AC-A81A-EE4986135008}.Release|Any CPU.Build.0 = Release|Any CPU
	EndGlobalSection
	GlobalSection(SolutionProperties) = preSolution
		HideSolutionNode = FALSE
	EndGlobalSection
EndGlobal
